
Microsoft Visual Studio Solution File, Format Version 12.00
# Visual Studio Version 17
VisualStudioVersion = 17.2.32616.157
MinimumVisualStudioVersion = 10.0.40219.1
Project("{FAE04EC0-301F-11D3-BF4B-00C04F79EFBC}") = "AppListaCompras.Android", "AppListaCompras\AppListaCompras.Android\AppListaCompras.Android.csproj", "{20D0E89E-BD4A-4F4A-873C-EB82BEFEC55F}"
EndProject
Project("{FAE04EC0-301F-11D3-BF4B-00C04F79EFBC}") = "AppListaCompras", "AppListaCompras\AppListaCompras\AppListaCompras.csproj", "{2B5FFD9A-D240-4483-8E68-6B5AB8F8C921}"
EndProject
Global
	GlobalSection(SolutionConfigurationPlatforms) = preSolution
		Debug|Any CPU = Debug|Any CPU
		Release|Any CPU = Release|Any CPU
	EndGlobalSection
	GlobalSection(ProjectConfigurationPlatforms) = postSolution
		{20D0E89E-BD4A-4F4A-873C-EB82BEFEC55F}.Debug|Any CPU.ActiveCfg = Debug|Any CPU
		{20D0E89E-BD4A-4F4A-873C-EB82BEFEC55F}.Debug|Any CPU.Build.0 = Debug|Any CPU
		{20D0E89E-BD4A-4F4A-873C-EB82BEFEC55F}.Debug|Any CPU.Deploy.0 = Debug|Any CPU
		{20D0E89E-BD4A-4F4A-873C-EB82BEFEC55F}.Release|Any CPU.ActiveCfg = Release|Any CPU
		{20D0E89E-BD4A-4F4A-873C-EB82BEFEC55F}.Release|Any CPU.Build.0 = Release|Any CPU
		{20D0E89E-BD4A-4F4A-873C-EB82BEFEC55F}.Release|Any CPU.Deploy.0 = Release|Any CPU
		{2B5FFD9A-D240-4483-8E68-6B5AB8F8C921}.Debug|Any CPU.ActiveCfg = Debug|Any CPU
		{2B5FFD9A-D240-4483-8E68-6B5AB8F8C921}.Debug|Any CPU.Build.0 = Debug|Any CPU
		{2B5FFD9A-D240-4483-8E68-6B5AB8F8C921}.Debug|Any CPU.Deploy.0 = Debug|Any CPU
		{2B5FFD9A-D240-4483-8E68-6B5AB8F8C921}.Release|Any CPU.ActiveCfg = Release|Any CPU
		{2B5FFD9A-D240-4483-8E68-6B5AB8F8C921}.Release|Any CPU.Build.0 = Release|Any CPU
		{2B5FFD9A-D240-4483-8E68-6B5AB8F8C921}.Release|Any CPU.Deploy.0 = Release|Any CPU
	EndGlobalSection
	GlobalSection(SolutionProperties) = preSolution
		HideSolutionNode = FALSE
	EndGlobalSection
	GlobalSection(ExtensibilityGlobals) = postSolution
		SolutionGuid = {B428C73B-58EE-4DA4-853F-D52DA7102E81}
	EndGlobalSection
EndGlobal
